# This file is automatically @generated by Cargo.
# It is not intended for manual editing.
version = 3

[[package]]
name = "driver-build"
version = "0.1.0"

[[package]]
name = "driver-helper"
version = "0.1.0"

[[package]]
name = "stdlib"
version = "0.1.0"

[[package]]
name = "virtio"
version = "0.1.0"
dependencies = [
 "driver-build",
 "driver-helper",
]
